// !$*UTF8*$!
{
	archiveVersion = 1;
	classes = {
	};
	objectVersion = 51;
	objects = {

/* Begin PBXBuildFile section */
		3CC29DABB3C2E3CFDA136737 /* Pods_BookSearchDemo.framework in Frameworks */ = {isa = PBXBuildFile; fileRef = D20F5605EE53356951A4B2D8 /* Pods_BookSearchDemo.framework */; };
		88BFE52A09A2ED467F67E598 /* Pods_BookSearchDemo_BookSearchDemoUITests.framework in Frameworks */ = {isa = PBXBuildFile; fileRef = DE52E77ACDB77EED35662D63 /* Pods_BookSearchDemo_BookSearchDemoUITests.framework */; };
		A9BA819227DFE62D0032A70B /* AppDelegate.swift in Sources */ = {isa = PBXBuildFile; fileRef = A9BA819127DFE62D0032A70B /* AppDelegate.swift */; };
		A9BA819427DFE62D0032A70B /* SceneDelegate.swift in Sources */ = {isa = PBXBuildFile; fileRef = A9BA819327DFE62D0032A70B /* SceneDelegate.swift */; };
		A9BA819627DFE62D0032A70B /* LandingVC.swift in Sources */ = {isa = PBXBuildFile; fileRef = A9BA819527DFE62D0032A70B /* LandingVC.swift */; };
		A9BA819927DFE62D0032A70B /* Main.storyboard in Resources */ = {isa = PBXBuildFile; fileRef = A9BA819727DFE62D0032A70B /* Main.storyboard */; };
		A9BA819B27DFE63D0032A70B /* Assets.xcassets in Resources */ = {isa = PBXBuildFile; fileRef = A9BA819A27DFE63D0032A70B /* Assets.xcassets */; };
		A9BA819E27DFE63D0032A70B /* LaunchScreen.storyboard in Resources */ = {isa = PBXBuildFile; fileRef = A9BA819C27DFE63D0032A70B /* LaunchScreen.storyboard */; };
		A9BA81A927DFE63E0032A70B /* BookSearchDemoTests.swift in Sources */ = {isa = PBXBuildFile; fileRef = A9BA81A827DFE63E0032A70B /* BookSearchDemoTests.swift */; };
		A9BA81B427DFE63E0032A70B /* BookSearchDemoUITests.swift in Sources */ = {isa = PBXBuildFile; fileRef = A9BA81B327DFE63E0032A70B /* BookSearchDemoUITests.swift */; };
		A9BA820627E003010032A70B /* Extensions.swift in Sources */ = {isa = PBXBuildFile; fileRef = A9BA820527E003010032A70B /* Extensions.swift */; };
		A9BA820827E003180032A70B /* APIManager.swift in Sources */ = {isa = PBXBuildFile; fileRef = A9BA820727E003180032A70B /* APIManager.swift */; };
		A9BA820A27E003270032A70B /* DBManager.swift in Sources */ = {isa = PBXBuildFile; fileRef = A9BA820927E003270032A70B /* DBManager.swift */; };
		A9BA820C27E003C70032A70B /* SearchedDatabaseModel.swift in Sources */ = {isa = PBXBuildFile; fileRef = A9BA820B27E003C60032A70B /* SearchedDatabaseModel.swift */; };
		F4216F0B50CF14A907CD144C /* Pods_BookSearchDemoTests.framework in Frameworks */ = {isa = PBXBuildFile; fileRef = 312C6BFF86FFBD9920D0E122 /* Pods_BookSearchDemoTests.framework */; };
/* End PBXBuildFile section */

/* Begin PBXContainerItemProxy section */
		A9BA81A527DFE63E0032A70B /* PBXContainerItemProxy */ = {
			isa = PBXContainerItemProxy;
			containerPortal = A9BA818627DFE62C0032A70B /* Project object */;
			proxyType = 1;
			remoteGlobalIDString = A9BA818D27DFE62D0032A70B;
			remoteInfo = BookSearchDemo;
		};
		A9BA81B027DFE63E0032A70B /* PBXContainerItemProxy */ = {
			isa = PBXContainerItemProxy;
			containerPortal = A9BA818627DFE62C0032A70B /* Project object */;
			proxyType = 1;
			remoteGlobalIDString = A9BA818D27DFE62D0032A70B;
			remoteInfo = BookSearchDemo;
		};
/* End PBXContainerItemProxy section */

/* Begin PBXFileReference section */
		0C3F4499B0E2C7E017FF576B /* Pods-BookSearchDemo.release.xcconfig */ = {isa = PBXFileReference; includeInIndex = 1; lastKnownFileType = text.xcconfig; name = "Pods-BookSearchDemo.release.xcconfig"; path = "Target Support Files/Pods-BookSearchDemo/Pods-BookSearchDemo.release.xcconfig"; sourceTree = "<group>"; };
		2238E0FB0CE6898B9D501317 /* Pods-BookSearchDemo-BookSearchDemoUITests.debug.xcconfig */ = {isa = PBXFileReference; includeInIndex = 1; lastKnownFileType = text.xcconfig; name = "Pods-BookSearchDemo-BookSearchDemoUITests.debug.xcconfig"; path = "Target Support Files/Pods-BookSearchDemo-BookSearchDemoUITests/Pods-BookSearchDemo-BookSearchDemoUITests.debug.xcconfig"; sourceTree = "<group>"; };
		312C6BFF86FFBD9920D0E122 /* Pods_BookSearchDemoTests.framework */ = {isa = PBXFileReference; explicitFileType = wrapper.framework; includeInIndex = 0; path = Pods_BookSearchDemoTests.framework; sourceTree = BUILT_PRODUCTS_DIR; };
		43ADFABC6C873B1A62EE72FB /* Pods-BookSearchDemo.debug.xcconfig */ = {isa = PBXFileReference; includeInIndex = 1; lastKnownFileType = text.xcconfig; name = "Pods-BookSearchDemo.debug.xcconfig"; path = "Target Support Files/Pods-BookSearchDemo/Pods-BookSearchDemo.debug.xcconfig"; sourceTree = "<group>"; };
		7F4A729DFE0B285F742A8A4B /* Pods-BookSearchDemo-BookSearchDemoUITests.release.xcconfig */ = {isa = PBXFileReference; includeInIndex = 1; lastKnownFileType = text.xcconfig; name = "Pods-BookSearchDemo-BookSearchDemoUITests.release.xcconfig"; path = "Target Support Files/Pods-BookSearchDemo-BookSearchDemoUITests/Pods-BookSearchDemo-BookSearchDemoUITests.release.xcconfig"; sourceTree = "<group>"; };
		A9BA818E27DFE62D0032A70B /* BookSearchDemo.app */ = {isa = PBXFileReference; explicitFileType = wrapper.application; includeInIndex = 0; path = BookSearchDemo.app; sourceTree = BUILT_PRODUCTS_DIR; };
		A9BA819127DFE62D0032A70B /* AppDelegate.swift */ = {isa = PBXFileReference; lastKnownFileType = sourcecode.swift; path = AppDelegate.swift; sourceTree = "<group>"; };
		A9BA819327DFE62D0032A70B /* SceneDelegate.swift */ = {isa = PBXFileReference; lastKnownFileType = sourcecode.swift; path = SceneDelegate.swift; sourceTree = "<group>"; };
		A9BA819527DFE62D0032A70B /* LandingVC.swift */ = {isa = PBXFileReference; lastKnownFileType = sourcecode.swift; path = LandingVC.swift; sourceTree = "<group>"; };
		A9BA819827DFE62D0032A70B /* Base */ = {isa = PBXFileReference; lastKnownFileType = file.storyboard; name = Base; path = Base.lproj/Main.storyboard; sourceTree = "<group>"; };
		A9BA819A27DFE63D0032A70B /* Assets.xcassets */ = {isa = PBXFileReference; lastKnownFileType = folder.assetcatalog; path = Assets.xcassets; sourceTree = "<group>"; };
		A9BA819D27DFE63D0032A70B /* Base */ = {isa = PBXFileReference; lastKnownFileType = file.storyboard; name = Base; path = Base.lproj/LaunchScreen.storyboard; sourceTree = "<group>"; };
		A9BA819F27DFE63D0032A70B /* Info.plist */ = {isa = PBXFileReference; lastKnownFileType = text.plist.xml; path = Info.plist; sourceTree = "<group>"; };
		A9BA81A427DFE63E0032A70B /* BookSearchDemoTests.xctest */ = {isa = PBXFileReference; explicitFileType = wrapper.cfbundle; includeInIndex = 0; path = BookSearchDemoTests.xctest; sourceTree = BUILT_PRODUCTS_DIR; };
		A9BA81A827DFE63E0032A70B /* BookSearchDemoTests.swift */ = {isa = PBXFileReference; lastKnownFileType = sourcecode.swift; path = BookSearchDemoTests.swift; sourceTree = "<group>"; };
		A9BA81AA27DFE63E0032A70B /* Info.plist */ = {isa = PBXFileReference; lastKnownFileType = text.plist.xml; path = Info.plist; sourceTree = "<group>"; };
		A9BA81AF27DFE63E0032A70B /* BookSearchDemoUITests.xctest */ = {isa = PBXFileReference; explicitFileType = wrapper.cfbundle; includeInIndex = 0; path = BookSearchDemoUITests.xctest; sourceTree = BUILT_PRODUCTS_DIR; };
		A9BA81B327DFE63E0032A70B /* BookSearchDemoUITests.swift */ = {isa = PBXFileReference; lastKnownFileType = sourcecode.swift; path = BookSearchDemoUITests.swift; sourceTree = "<group>"; };
		A9BA81B527DFE63E0032A70B /* Info.plist */ = {isa = PBXFileReference; lastKnownFileType = text.plist.xml; path = Info.plist; sourceTree = "<group>"; };
		A9BA820527E003010032A70B /* Extensions.swift */ = {isa = PBXFileReference; lastKnownFileType = sourcecode.swift; path = Extensions.swift; sourceTree = "<group>"; };
		A9BA820727E003180032A70B /* APIManager.swift */ = {isa = PBXFileReference; lastKnownFileType = sourcecode.swift; path = APIManager.swift; sourceTree = "<group>"; };
		A9BA820927E003270032A70B /* DBManager.swift */ = {isa = PBXFileReference; lastKnownFileType = sourcecode.swift; path = DBManager.swift; sourceTree = "<group>"; };
		A9BA820B27E003C60032A70B /* SearchedDatabaseModel.swift */ = {isa = PBXFileReference; lastKnownFileType = sourcecode.swift; path = SearchedDatabaseModel.swift; sourceTree = "<group>"; };
		BDE39581320E9E79D34BD6A3 /* Pods-BookSearchDemoTests.release.xcconfig */ = {isa = PBXFileReference; includeInIndex = 1; lastKnownFileType = text.xcconfig; name = "Pods-BookSearchDemoTests.release.xcconfig"; path = "Target Support Files/Pods-BookSearchDemoTests/Pods-BookSearchDemoTests.release.xcconfig"; sourceTree = "<group>"; };
		C7B660EBB21AFBA13026D026 /* Pods-BookSearchDemoTests.debug.xcconfig */ = {isa = PBXFileReference; includeInIndex = 1; lastKnownFileType = text.xcconfig; name = "Pods-BookSearchDemoTests.debug.xcconfig"; path = "Target Support Files/Pods-BookSearchDemoTests/Pods-BookSearchDemoTests.debug.xcconfig"; sourceTree = "<group>"; };
		D20F5605EE53356951A4B2D8 /* Pods_BookSearchDemo.framework */ = {isa = PBXFileReference; explicitFileType = wrapper.framework; includeInIndex = 0; path = Pods_BookSearchDemo.framework; sourceTree = BUILT_PRODUCTS_DIR; };
		DE52E77ACDB77EED35662D63 /* Pods_BookSearchDemo_BookSearchDemoUITests.framework */ = {isa = PBXFileReference; explicitFileType = wrapper.framework; includeInIndex = 0; path = Pods_BookSearchDemo_BookSearchDemoUITests.framework; sourceTree = BUILT_PRODUCTS_DIR; };
/* End PBXFileReference section */

/* Begin PBXFrameworksBuildPhase section */
		A9BA818B27DFE62D0032A70B /* Frameworks */ = {
			isa = PBXFrameworksBuildPhase;
			buildActionMask = 2147483647;
			files = (
				3CC29DABB3C2E3CFDA136737 /* Pods_BookSearchDemo.framework in Frameworks */,
			);
			runOnlyForDeploymentPostprocessing = 0;
		};
		A9BA81A127DFE63E0032A70B /* Frameworks */ = {
			isa = PBXFrameworksBuildPhase;
			buildActionMask = 2147483647;
			files = (
				F4216F0B50CF14A907CD144C /* Pods_BookSearchDemoTests.framework in Frameworks */,
			);
			runOnlyForDeploymentPostprocessing = 0;
		};
		A9BA81AC27DFE63E0032A70B /* Frameworks */ = {
			isa = PBXFrameworksBuildPhase;
			buildActionMask = 2147483647;
			files = (
				88BFE52A09A2ED467F67E598 /* Pods_BookSearchDemo_BookSearchDemoUITests.framework in Frameworks */,
			);
			runOnlyForDeploymentPostprocessing = 0;
		};
/* End PBXFrameworksBuildPhase section */

/* Begin PBXGroup section */
		84287DED3FF60036EEF16B2B /* Frameworks */ = {
			isa = PBXGroup;
			children = (
				D20F5605EE53356951A4B2D8 /* Pods_BookSearchDemo.framework */,
				DE52E77ACDB77EED35662D63 /* Pods_BookSearchDemo_BookSearchDemoUITests.framework */,
				312C6BFF86FFBD9920D0E122 /* Pods_BookSearchDemoTests.framework */,
			);
			name = Frameworks;
			sourceTree = "<group>";
		};
		A9BA818527DFE62C0032A70B = {
			isa = PBXGroup;
			children = (
				A9BA819027DFE62D0032A70B /* BookSearchDemo */,
				A9BA81A727DFE63E0032A70B /* BookSearchDemoTests */,
				A9BA81B227DFE63E0032A70B /* BookSearchDemoUITests */,
				A9BA818F27DFE62D0032A70B /* Products */,
				FF231A2365E74A7597793BC8 /* Pods */,
				84287DED3FF60036EEF16B2B /* Frameworks */,
			);
			sourceTree = "<group>";
		};
		A9BA818F27DFE62D0032A70B /* Products */ = {
			isa = PBXGroup;
			children = (
				A9BA818E27DFE62D0032A70B /* BookSearchDemo.app */,
				A9BA81A427DFE63E0032A70B /* BookSearchDemoTests.xctest */,
				A9BA81AF27DFE63E0032A70B /* BookSearchDemoUITests.xctest */,
			);
			name = Products;
			sourceTree = "<group>";
		};
		A9BA819027DFE62D0032A70B /* BookSearchDemo */ = {
			isa = PBXGroup;
			children = (
				A9BA81FF27DFF49B0032A70B /* Model */,
				A9BA820027DFF4B30032A70B /* View */,
				A9BA820127DFF4BA0032A70B /* Controller */,
				A9BA820427DFF5580032A70B /* Helper */,
				A9BA820227DFF4CF0032A70B /* Resources */,
				A9BA819F27DFE63D0032A70B /* Info.plist */,
			);
			path = BookSearchDemo;
			sourceTree = "<group>";
		};
		A9BA81A727DFE63E0032A70B /* BookSearchDemoTests */ = {
			isa = PBXGroup;
			children = (
				A9BA81A827DFE63E0032A70B /* BookSearchDemoTests.swift */,
				A9BA81AA27DFE63E0032A70B /* Info.plist */,
			);
			path = BookSearchDemoTests;
			sourceTree = "<group>";
		};
		A9BA81B227DFE63E0032A70B /* BookSearchDemoUITests */ = {
			isa = PBXGroup;
			children = (
				A9BA81B327DFE63E0032A70B /* BookSearchDemoUITests.swift */,
				A9BA81B527DFE63E0032A70B /* Info.plist */,
			);
			path = BookSearchDemoUITests;
			sourceTree = "<group>";
		};
		A9BA81FF27DFF49B0032A70B /* Model */ = {
			isa = PBXGroup;
			children = (
				A9BA820B27E003C60032A70B /* SearchedDatabaseModel.swift */,
			);
			path = Model;
			sourceTree = "<group>";
		};
		A9BA820027DFF4B30032A70B /* View */ = {
			isa = PBXGroup;
			children = (
				A9BA819C27DFE63D0032A70B /* LaunchScreen.storyboard */,
				A9BA819727DFE62D0032A70B /* Main.storyboard */,
			);
			path = View;
			sourceTree = "<group>";
		};
		A9BA820127DFF4BA0032A70B /* Controller */ = {
			isa = PBXGroup;
			children = (
				A9BA819527DFE62D0032A70B /* LandingVC.swift */,
			);
			path = Controller;
			sourceTree = "<group>";
		};
		A9BA820227DFF4CF0032A70B /* Resources */ = {
			isa = PBXGroup;
			children = (
				A9BA819127DFE62D0032A70B /* AppDelegate.swift */,
				A9BA819327DFE62D0032A70B /* SceneDelegate.swift */,
				A9BA819A27DFE63D0032A70B /* Assets.xcassets */,
			);
			path = Resources;
			sourceTree = "<group>";
		};
		A9BA820427DFF5580032A70B /* Helper */ = {
			isa = PBXGroup;
			children = (
				A9BA820527E003010032A70B /* Extensions.swift */,
				A9BA820727E003180032A70B /* APIManager.swift */,
				A9BA820927E003270032A70B /* DBManager.swift */,
			);
			path = Helper;
			sourceTree = "<group>";
		};
		FF231A2365E74A7597793BC8 /* Pods */ = {
			isa = PBXGroup;
			children = (
				43ADFABC6C873B1A62EE72FB /* Pods-BookSearchDemo.debug.xcconfig */,
				0C3F4499B0E2C7E017FF576B /* Pods-BookSearchDemo.release.xcconfig */,
				2238E0FB0CE6898B9D501317 /* Pods-BookSearchDemo-BookSearchDemoUITests.debug.xcconfig */,
				7F4A729DFE0B285F742A8A4B /* Pods-BookSearchDemo-BookSearchDemoUITests.release.xcconfig */,
				C7B660EBB21AFBA13026D026 /* Pods-BookSearchDemoTests.debug.xcconfig */,
				BDE39581320E9E79D34BD6A3 /* Pods-BookSearchDemoTests.release.xcconfig */,
			);
			path = Pods;
			sourceTree = "<group>";
		};
/* End PBXGroup section */

/* Begin PBXNativeTarget section */
		A9BA818D27DFE62D0032A70B /* BookSearchDemo */ = {
			isa = PBXNativeTarget;
			buildConfigurationList = A9BA81B827DFE63E0032A70B /* Build configuration list for PBXNativeTarget "BookSearchDemo" */;
			buildPhases = (
				396E7FFEE8CC573AA5DF7FB9 /* [CP] Check Pods Manifest.lock */,
				A9BA818A27DFE62D0032A70B /* Sources */,
				A9BA818B27DFE62D0032A70B /* Frameworks */,
				A9BA818C27DFE62D0032A70B /* Resources */,
				B64CE703BF5D586C0ABDE4CB /* [CP] Embed Pods Frameworks */,
			);
			buildRules = (
			);
			dependencies = (
			);
			name = BookSearchDemo;
			productName = BookSearchDemo;
			productReference = A9BA818E27DFE62D0032A70B /* BookSearchDemo.app */;
			productType = "com.apple.product-type.application";
		};
		A9BA81A327DFE63E0032A70B /* BookSearchDemoTests */ = {
			isa = PBXNativeTarget;
			buildConfigurationList = A9BA81BB27DFE63E0032A70B /* Build configuration list for PBXNativeTarget "BookSearchDemoTests" */;
			buildPhases = (
				3715FDBA6056CA8F6DB5BC1F /* [CP] Check Pods Manifest.lock */,
				A9BA81A027DFE63E0032A70B /* Sources */,
				A9BA81A127DFE63E0032A70B /* Frameworks */,
				A9BA81A227DFE63E0032A70B /* Resources */,
			);
			buildRules = (
			);
			dependencies = (
				A9BA81A627DFE63E0032A70B /* PBXTargetDependency */,
			);
			name = BookSearchDemoTests;
			productName = BookSearchDemoTests;
			productReference = A9BA81A427DFE63E0032A70B /* BookSearchDemoTests.xctest */;
			productType = "com.apple.product-type.bundle.unit-test";
		};
		A9BA81AE27DFE63E0032A70B /* BookSearchDemoUITests */ = {
			isa = PBXNativeTarget;
			buildConfigurationList = A9BA81BE27DFE63E0032A70B /* Build configuration list for PBXNativeTarget "BookSearchDemoUITests" */;
			buildPhases = (
				F2E6042548DCA25B5DECBF5E /* [CP] Check Pods Manifest.lock */,
				A9BA81AB27DFE63E0032A70B /* Sources */,
				A9BA81AC27DFE63E0032A70B /* Frameworks */,
				A9BA81AD27DFE63E0032A70B /* Resources */,
				7CF076FAE5056CBCBA7E7056 /* [CP] Embed Pods Frameworks */,
			);
			buildRules = (
			);
			dependencies = (
				A9BA81B127DFE63E0032A70B /* PBXTargetDependency */,
			);
			name = BookSearchDemoUITests;
			productName = BookSearchDemoUITests;
			productReference = A9BA81AF27DFE63E0032A70B /* BookSearchDemoUITests.xctest */;
			productType = "com.apple.product-type.bundle.ui-testing";
		};
/* End PBXNativeTarget section */

/* Begin PBXProject section */
		A9BA818627DFE62C0032A70B /* Project object */ = {
			isa = PBXProject;
			attributes = {
				LastSwiftUpdateCheck = 1250;
				LastUpgradeCheck = 1250;
				TargetAttributes = {
					A9BA818D27DFE62D0032A70B = {
						CreatedOnToolsVersion = 12.5;
					};
					A9BA81A327DFE63E0032A70B = {
						CreatedOnToolsVersion = 12.5;
						TestTargetID = A9BA818D27DFE62D0032A70B;
					};
					A9BA81AE27DFE63E0032A70B = {
						CreatedOnToolsVersion = 12.5;
						TestTargetID = A9BA818D27DFE62D0032A70B;
					};
				};
			};
			buildConfigurationList = A9BA818927DFE62C0032A70B /* Build configuration list for PBXProject "BookSearchDemo" */;
			compatibilityVersion = "Xcode 9.3";
			developmentRegion = en;
			hasScannedForEncodings = 0;
			knownRegions = (
				en,
				Base,
			);
			mainGroup = A9BA818527DFE62C0032A70B;
			productRefGroup = A9BA818F27DFE62D0032A70B /* Products */;
			projectDirPath = "";
			projectRoot = "";
			targets = (
				A9BA818D27DFE62D0032A70B /* BookSearchDemo */,
				A9BA81A327DFE63E0032A70B /* BookSearchDemoTests */,
				A9BA81AE27DFE63E0032A70B /* BookSearchDemoUITests */,
			);
		};
/* End PBXProject section */

/* Begin PBXResourcesBuildPhase section */
		A9BA818C27DFE62D0032A70B /* Resources */ = {
			isa = PBXResourcesBuildPhase;
			buildActionMask = 2147483647;
			files = (
				A9BA819E27DFE63D0032A70B /* LaunchScreen.storyboard in Resources */,
				A9BA819B27DFE63D0032A70B /* Assets.xcassets in Resources */,
				A9BA819927DFE62D0032A70B /* Main.storyboard in Resources */,
			);
			runOnlyForDeploymentPostprocessing = 0;
		};
		A9BA81A227DFE63E0032A70B /* Resources */ = {
			isa = PBXResourcesBuildPhase;
			buildActionMask = 2147483647;
			files = (
			);
			runOnlyForDeploymentPostprocessing = 0;
		};
		A9BA81AD27DFE63E0032A70B /* Resources */ = {
			isa = PBXResourcesBuildPhase;
			buildActionMask = 2147483647;
			files = (
			);
			runOnlyForDeploymentPostprocessing = 0;
		};
/* End PBXResourcesBuildPhase section */

/* Begin PBXShellScriptBuildPhase section */
		3715FDBA6056CA8F6DB5BC1F /* [CP] Check Pods Manifest.lock */ = {
			isa = PBXShellScriptBuildPhase;
			buildActionMask = 2147483647;
			files = (
			);
			inputFileListPaths = (
			);
			inputPaths = (
				"${PODS_PODFILE_DIR_PATH}/Podfile.lock",
				"${PODS_ROOT}/Manifest.lock",
			);
			name = "[CP] Check Pods Manifest.lock";
			outputFileListPaths = (
			);
			outputPaths = (
				"$(DERIVED_FILE_DIR)/Pods-BookSearchDemoTests-checkManifestLockResult.txt",
			);
			runOnlyForDeploymentPostprocessing = 0;
			shellPath = /bin/sh;
			shellScript = "diff \"${PODS_PODFILE_DIR_PATH}/Podfile.lock\" \"${PODS_ROOT}/Manifest.lock\" > /dev/null\nif [ $? != 0 ] ; then\n    # print error to STDERR\n    echo \"error: The sandbox is not in sync with the Podfile.lock. Run 'pod install' or update your CocoaPods installation.\" >&2\n    exit 1\nfi\n# This output is used by Xcode 'outputs' to avoid re-running this script phase.\necho \"SUCCESS\" > \"${SCRIPT_OUTPUT_FILE_0}\"\n";
			showEnvVarsInLog = 0;
		};
		396E7FFEE8CC573AA5DF7FB9 /* [CP] Check Pods Manifest.lock */ = {
			isa = PBXShellScriptBuildPhase;
			buildActionMask = 2147483647;
			files = (
			);
			inputFileListPaths = (
			);
			inputPaths = (
				"${PODS_PODFILE_DIR_PATH}/Podfile.lock",
				"${PODS_ROOT}/Manifest.lock",
			);
			name = "[CP] Check Pods Manifest.lock";
			outputFileListPaths = (
			);
			outputPaths = (
				"$(DERIVED_FILE_DIR)/Pods-BookSearchDemo-checkManifestLockResult.txt",
			);
			runOnlyForDeploymentPostprocessing = 0;
			shellPath = /bin/sh;
			shellScript = "diff \"${PODS_PODFILE_DIR_PATH}/Podfile.lock\" \"${PODS_ROOT}/Manifest.lock\" > /dev/null\nif [ $? != 0 ] ; then\n    # print error to STDERR\n    echo \"error: The sandbox is not in sync with the Podfile.lock. Run 'pod install' or update your CocoaPods installation.\" >&2\n    exit 1\nfi\n# This output is used by Xcode 'outputs' to avoid re-running this script phase.\necho \"SUCCESS\" > \"${SCRIPT_OUTPUT_FILE_0}\"\n";
			showEnvVarsInLog = 0;
		};
		7CF076FAE5056CBCBA7E7056 /* [CP] Embed Pods Frameworks */ = {
			isa = PBXShellScriptBuildPhase;
			buildActionMask = 2147483647;
			files = (
			);
			inputFileListPaths = (
				"${PODS_ROOT}/Target Support Files/Pods-BookSearchDemo-BookSearchDemoUITests/Pods-BookSearchDemo-BookSearchDemoUITests-frameworks-${CONFIGURATION}-input-files.xcfilelist",
			);
			name = "[CP] Embed Pods Frameworks";
			outputFileListPaths = (
				"${PODS_ROOT}/Target Support Files/Pods-BookSearchDemo-BookSearchDemoUITests/Pods-BookSearchDemo-BookSearchDemoUITests-frameworks-${CONFIGURATION}-output-files.xcfilelist",
			);
			runOnlyForDeploymentPostprocessing = 0;
			shellPath = /bin/sh;
			shellScript = "\"${PODS_ROOT}/Target Support Files/Pods-BookSearchDemo-BookSearchDemoUITests/Pods-BookSearchDemo-BookSearchDemoUITests-frameworks.sh\"\n";
			showEnvVarsInLog = 0;
		};
		B64CE703BF5D586C0ABDE4CB /* [CP] Embed Pods Frameworks */ = {
			isa = PBXShellScriptBuildPhase;
			buildActionMask = 2147483647;
			files = (
			);
			inputFileListPaths = (
				"${PODS_ROOT}/Target Support Files/Pods-BookSearchDemo/Pods-BookSearchDemo-frameworks-${CONFIGURATION}-input-files.xcfilelist",
			);
			name = "[CP] Embed Pods Frameworks";
			outputFileListPaths = (
				"${PODS_ROOT}/Target Support Files/Pods-BookSearchDemo/Pods-BookSearchDemo-frameworks-${CONFIGURATION}-output-files.xcfilelist",
			);
			runOnlyForDeploymentPostprocessing = 0;
			shellPath = /bin/sh;
			shellScript = "\"${PODS_ROOT}/Target Support Files/Pods-BookSearchDemo/Pods-BookSearchDemo-frameworks.sh\"\n";
			showEnvVarsInLog = 0;
		};
		F2E6042548DCA25B5DECBF5E /* [CP] Check Pods Manifest.lock */ = {
			isa = PBXShellScriptBuildPhase;
			buildActionMask = 2147483647;
			files = (
			);
			inputFileListPaths = (
			);
			inputPaths = (
				"${PODS_PODFILE_DIR_PATH}/Podfile.lock",
				"${PODS_ROOT}/Manifest.lock",
			);
			name = "[CP] Check Pods Manifest.lock";
			outputFileListPaths = (
			);
			outputPaths = (
				"$(DERIVED_FILE_DIR)/Pods-BookSearchDemo-BookSearchDemoUITests-checkManifestLockResult.txt",
			);
			runOnlyForDeploymentPostprocessing = 0;
			shellPath = /bin/sh;
			shellScript = "diff \"${PODS_PODFILE_DIR_PATH}/Podfile.lock\" \"${PODS_ROOT}/Manifest.lock\" > /dev/null\nif [ $? != 0 ] ; then\n    # print error to STDERR\n    echo \"error: The sandbox is not in sync with the Podfile.lock. Run 'pod install' or update your CocoaPods installation.\" >&2\n    exit 1\nfi\n# This output is used by Xcode 'outputs' to avoid re-running this script phase.\necho \"SUCCESS\" > \"${SCRIPT_OUTPUT_FILE_0}\"\n";
			showEnvVarsInLog = 0;
		};
/* End PBXShellScriptBuildPhase section */

/* Begin PBXSourcesBuildPhase section */
		A9BA818A27DFE62D0032A70B /* Sources */ = {
			isa = PBXSourcesBuildPhase;
			buildActionMask = 2147483647;
			files = (
				A9BA820C27E003C70032A70B /* SearchedDatabaseModel.swift in Sources */,
				A9BA819627DFE62D0032A70B /* LandingVC.swift in Sources */,
				A9BA820A27E003270032A70B /* DBManager.swift in Sources */,
				A9BA819227DFE62D0032A70B /* AppDelegate.swift in Sources */,
				A9BA820827E003180032A70B /* APIManager.swift in Sources */,
				A9BA819427DFE62D0032A70B /* SceneDelegate.swift in Sources */,
				A9BA820627E003010032A70B /* Extensions.swift in Sources */,
			);
			runOnlyForDeploymentPostprocessing = 0;
		};
		A9BA81A027DFE63E0032A70B /* Sources */ = {
			isa = PBXSourcesBuildPhase;
			buildActionMask = 2147483647;
			files = (
				A9BA81A927DFE63E0032A70B /* BookSearchDemoTests.swift in Sources */,
			);
			runOnlyForDeploymentPostprocessing = 0;
		};
		A9BA81AB27DFE63E0032A70B /* Sources */ = {
			isa = PBXSourcesBuildPhase;
			buildActionMask = 2147483647;
			files = (
				A9BA81B427DFE63E0032A70B /* BookSearchDemoUITests.swift in Sources */,
			);
			runOnlyForDeploymentPostprocessing = 0;
		};
/* End PBXSourcesBuildPhase section */

/* Begin PBXTargetDependency section */
		A9BA81A627DFE63E0032A70B /* PBXTargetDependency */ = {
			isa = PBXTargetDependency;
			target = A9BA818D27DFE62D0032A70B /* BookSearchDemo */;
			targetProxy = A9BA81A527DFE63E0032A70B /* PBXContainerItemProxy */;
		};
		A9BA81B127DFE63E0032A70B /* PBXTargetDependency */ = {
			isa = PBXTargetDependency;
			target = A9BA818D27DFE62D0032A70B /* BookSearchDemo */;
			targetProxy = A9BA81B027DFE63E0032A70B /* PBXContainerItemProxy */;
		};
/* End PBXTargetDependency section */

/* Begin PBXVariantGroup section */
		A9BA819727DFE62D0032A70B /* Main.storyboard */ = {
			isa = PBXVariantGroup;
			children = (
				A9BA819827DFE62D0032A70B /* Base */,
			);
			name = Main.storyboard;
			sourceTree = "<group>";
		};
		A9BA819C27DFE63D0032A70B /* LaunchScreen.storyboard */ = {
			isa = PBXVariantGroup;
			children = (
				A9BA819D27DFE63D0032A70B /* Base */,
			);
			name = LaunchScreen.storyboard;
			sourceTree = "<group>";
		};
/* End PBXVariantGroup section */

/* Begin XCBuildConfiguration section */
		A9BA81B627DFE63E0032A70B /* Debug */ = {
			isa = XCBuildConfiguration;
			buildSettings = {
				ALWAYS_SEARCH_USER_PATHS = NO;
				CLANG_ANALYZER_NONNULL = YES;
				CLANG_ANALYZER_NUMBER_OBJECT_CONVERSION = YES_AGGRESSIVE;
				CLANG_CXX_LANGUAGE_STANDARD = "gnu++14";
				CLANG_CXX_LIBRARY = "libc++";
				CLANG_ENABLE_MODULES = YES;
				CLANG_ENABLE_OBJC_ARC = YES;
				CLANG_ENABLE_OBJC_WEAK = YES;
				CLANG_WARN_BLOCK_CAPTURE_AUTORELEASING = YES;
				CLANG_WARN_BOOL_CONVERSION = YES;
				CLANG_WARN_COMMA = YES;
				CLANG_WARN_CONSTANT_CONVERSION = YES;
				CLANG_WARN_DEPRECATED_OBJC_IMPLEMENTATIONS = YES;
				CLANG_WARN_DIRECT_OBJC_ISA_USAGE = YES_ERROR;
				CLANG_WARN_DOCUMENTATION_COMMENTS = YES;
				CLANG_WARN_EMPTY_BODY = YES;
				CLANG_WARN_ENUM_CONVERSION = YES;
				CLANG_WARN_INFINITE_RECURSION = YES;
				CLANG_WARN_INT_CONVERSION = YES;
				CLANG_WARN_NON_LITERAL_NULL_CONVERSION = YES;
				CLANG_WARN_OBJC_IMPLICIT_RETAIN_SELF = YES;
				CLANG_WARN_OBJC_LITERAL_CONVERSION = YES;
				CLANG_WARN_OBJC_ROOT_CLASS = YES_ERROR;
				CLANG_WARN_QUOTED_INCLUDE_IN_FRAMEWORK_HEADER = YES;
				CLANG_WARN_RANGE_LOOP_ANALYSIS = YES;
				CLANG_WARN_STRICT_PROTOTYPES = YES;
				CLANG_WARN_SUSPICIOUS_MOVE = YES;
				CLANG_WARN_UNGUARDED_AVAILABILITY = YES_AGGRESSIVE;
				CLANG_WARN_UNREACHABLE_CODE = YES;
				CLANG_WARN__DUPLICATE_METHOD_MATCH = YES;
				COPY_PHASE_STRIP = NO;
				DEBUG_INFORMATION_FORMAT = dwarf;
				ENABLE_STRICT_OBJC_MSGSEND = YES;
				ENABLE_TESTABILITY = YES;
				GCC_C_LANGUAGE_STANDARD = gnu11;
				GCC_DYNAMIC_NO_PIC = NO;
				GCC_NO_COMMON_BLOCKS = YES;
				GCC_OPTIMIZATION_LEVEL = 0;
				GCC_PREPROCESSOR_DEFINITIONS = (
					"DEBUG=1",
					"$(inherited)",
				);
				GCC_WARN_64_TO_32_BIT_CONVERSION = YES;
				GCC_WARN_ABOUT_RETURN_TYPE = YES_ERROR;
				GCC_WARN_UNDECLARED_SELECTOR = YES;
				GCC_WARN_UNINITIALIZED_AUTOS = YES_AGGRESSIVE;
				GCC_WARN_UNUSED_FUNCTION = YES;
				GCC_WARN_UNUSED_VARIABLE = YES;
				IPHONEOS_DEPLOYMENT_TARGET = 14.5;
				MTL_ENABLE_DEBUG_INFO = INCLUDE_SOURCE;
				MTL_FAST_MATH = YES;
				ONLY_ACTIVE_ARCH = YES;
				SDKROOT = iphoneos;
				SWIFT_ACTIVE_COMPILATION_CONDITIONS = DEBUG;
				SWIFT_OPTIMIZATION_LEVEL = "-Onone";
			};
			name = Debug;
		};
		A9BA81B727DFE63E0032A70B /* Release */ = {
			isa = XCBuildConfiguration;
			buildSettings = {
				ALWAYS_SEARCH_USER_PATHS = NO;
				CLANG_ANALYZER_NONNULL = YES;
				CLANG_ANALYZER_NUMBER_OBJECT_CONVERSION = YES_AGGRESSIVE;
				CLANG_CXX_LANGUAGE_STANDARD = "gnu++14";
				CLANG_CXX_LIBRARY = "libc++";
				CLANG_ENABLE_MODULES = YES;
				CLANG_ENABLE_OBJC_ARC = YES;
				CLANG_ENABLE_OBJC_WEAK = YES;
				CLANG_WARN_BLOCK_CAPTURE_AUTORELEASING = YES;
				CLANG_WARN_BOOL_CONVERSION = YES;
				CLANG_WARN_COMMA = YES;
				CLANG_WARN_CONSTANT_CONVERSION = YES;
				CLANG_WARN_DEPRECATED_OBJC_IMPLEMENTATIONS = YES;
				CLANG_WARN_DIRECT_OBJC_ISA_USAGE = YES_ERROR;
				CLANG_WARN_DOCUMENTATION_COMMENTS = YES;
				CLANG_WARN_EMPTY_BODY = YES;
				CLANG_WARN_ENUM_CONVERSION = YES;
				CLANG_WARN_INFINITE_RECURSION = YES;
				CLANG_WARN_INT_CONVERSION = YES;
				CLANG_WARN_NON_LITERAL_NULL_CONVERSION = YES;
				CLANG_WARN_OBJC_IMPLICIT_RETAIN_SELF = YES;
				CLANG_WARN_OBJC_LITERAL_CONVERSION = YES;
				CLANG_WARN_OBJC_ROOT_CLASS = YES_ERROR;
				CLANG_WARN_QUOTED_INCLUDE_IN_FRAMEWORK_HEADER = YES;
				CLANG_WARN_RANGE_LOOP_ANALYSIS = YES;
				CLANG_WARN_STRICT_PROTOTYPES = YES;
				CLANG_WARN_SUSPICIOUS_MOVE = YES;
				CLANG_WARN_UNGUARDED_AVAILABILITY = YES_AGGRESSIVE;
				CLANG_WARN_UNREACHABLE_CODE = YES;
				CLANG_WARN__DUPLICATE_METHOD_MATCH = YES;
				COPY_PHASE_STRIP = NO;
				DEBUG_INFORMATION_FORMAT = "dwarf-with-dsym";
				ENABLE_NS_ASSERTIONS = NO;
				ENABLE_STRICT_OBJC_MSGSEND = YES;
				GCC_C_LANGUAGE_STANDARD = gnu11;
				GCC_NO_COMMON_BLOCKS = YES;
				GCC_WARN_64_TO_32_BIT_CONVERSION = YES;
				GCC_WARN_ABOUT_RETURN_TYPE = YES_ERROR;
				GCC_WARN_UNDECLARED_SELECTOR = YES;
				GCC_WARN_UNINITIALIZED_AUTOS = YES_AGGRESSIVE;
				GCC_WARN_UNUSED_FUNCTION = YES;
				GCC_WARN_UNUSED_VARIABLE = YES;
				IPHONEOS_DEPLOYMENT_TARGET = 14.5;
				MTL_ENABLE_DEBUG_INFO = NO;
				MTL_FAST_MATH = YES;
				SDKROOT = iphoneos;
				SWIFT_COMPILATION_MODE = wholemodule;
				SWIFT_OPTIMIZATION_LEVEL = "-O";
				VALIDATE_PRODUCT = YES;
			};
			name = Release;
		};
		A9BA81B927DFE63E0032A70B /* Debug */ = {
			isa = XCBuildConfiguration;
			baseConfigurationReference = 43ADFABC6C873B1A62EE72FB /* Pods-BookSearchDemo.debug.xcconfig */;
			buildSettings = {
				ASSETCATALOG_COMPILER_APPICON_NAME = AppIcon;
				ASSETCATALOG_COMPILER_GLOBAL_ACCENT_COLOR_NAME = AccentColor;
				CODE_SIGN_STYLE = Automatic;
				INFOPLIST_FILE = BookSearchDemo/Info.plist;
				LD_RUNPATH_SEARCH_PATHS = (
					"$(inherited)",
					"@executable_path/Frameworks",
				);
				PRODUCT_BUNDLE_IDENTIFIER = com.ejaz.BookSearchDemo;
				PRODUCT_NAME = "$(TARGET_NAME)";
				SWIFT_VERSION = 5.0;
				TARGETED_DEVICE_FAMILY = "1,2";
			};
			name = Debug;
		};
		A9BA81BA27DFE63E0032A70B /* Release */ = {
			isa = XCBuildConfiguration;
			baseConfigurationReference = 0C3F4499B0E2C7E017FF576B /* Pods-BookSearchDemo.release.xcconfig */;
			buildSettings = {
				ASSETCATALOG_COMPILER_APPICON_NAME = AppIcon;
				ASSETCATALOG_COMPILER_GLOBAL_ACCENT_COLOR_NAME = AccentColor;
				CODE_SIGN_STYLE = Automatic;
				INFOPLIST_FILE = BookSearchDemo/Info.plist;
				LD_RUNPATH_SEARCH_PATHS = (
					"$(inherited)",
					"@executable_path/Frameworks",
				);
				PRODUCT_BUNDLE_IDENTIFIER = com.ejaz.BookSearchDemo;
				PRODUCT_NAME = "$(TARGET_NAME)";
				SWIFT_VERSION = 5.0;
				TARGETED_DEVICE_FAMILY = "1,2";
			};
			name = Release;
		};
		A9BA81BC27DFE63E0032A70B /* Debug */ = {
			isa = XCBuildConfiguration;
			baseConfigurationReference = C7B660EBB21AFBA13026D026 /* Pods-BookSearchDemoTests.debug.xcconfig */;
			buildSettings = {
				ALWAYS_EMBED_SWIFT_STANDARD_LIBRARIES = YES;
				BUNDLE_LOADER = "$(TEST_HOST)";
				CODE_SIGN_STYLE = Automatic;
				INFOPLIST_FILE = BookSearchDemoTests/Info.plist;
				IPHONEOS_DEPLOYMENT_TARGET = 14.5;
				LD_RUNPATH_SEARCH_PATHS = (
					"$(inherited)",
					"@executable_path/Frameworks",
					"@loader_path/Frameworks",
				);
				PRODUCT_BUNDLE_IDENTIFIER = com.ejaz.BookSearchDemoTests;
				PRODUCT_NAME = "$(TARGET_NAME)";
				SWIFT_VERSION = 5.0;
				TARGETED_DEVICE_FAMILY = "1,2";
				TEST_HOST = "$(BUILT_PRODUCTS_DIR)/BookSearchDemo.app/BookSearchDemo";
			};
			name = Debug;
		};
		A9BA81BD27DFE63E0032A70B /* Release */ = {
			isa = XCBuildConfiguration;
			baseConfigurationReference = BDE39581320E9E79D34BD6A3 /* Pods-BookSearchDemoTests.release.xcconfig */;
			buildSettings = {
				ALWAYS_EMBED_SWIFT_STANDARD_LIBRARIES = YES;
				BUNDLE_LOADER = "$(TEST_HOST)";
				CODE_SIGN_STYLE = Automatic;
				INFOPLIST_FILE = BookSearchDemoTests/Info.plist;
				IPHONEOS_DEPLOYMENT_TARGET = 14.5;
				LD_RUNPATH_SEARCH_PATHS = (
					"$(inherited)",
					"@executable_path/Frameworks",
					"@loader_path/Frameworks",
				);
				PRODUCT_BUNDLE_IDENTIFIER = com.ejaz.BookSearchDemoTests;
				PRODUCT_NAME = "$(TARGET_NAME)";
				SWIFT_VERSION = 5.0;
				TARGETED_DEVICE_FAMILY = "1,2";
				TEST_HOST = "$(BUILT_PRODUCTS_DIR)/BookSearchDemo.app/BookSearchDemo";
			};
			name = Release;
		};
		A9BA81BF27DFE63E0032A70B /* Debug */ = {
			isa = XCBuildConfiguration;
			baseConfigurationReference = 2238E0FB0CE6898B9D501317 /* Pods-BookSearchDemo-BookSearchDemoUITests.debug.xcconfig */;
			buildSettings = {
				ALWAYS_EMBED_SWIFT_STANDARD_LIBRARIES = YES;
				CODE_SIGN_STYLE = Automatic;
				INFOPLIST_FILE = BookSearchDemoUITests/Info.plist;
				LD_RUNPATH_SEARCH_PATHS = (
					"$(inherited)",
					"@executable_path/Frameworks",
					"@loader_path/Frameworks",
				);
				PRODUCT_BUNDLE_IDENTIFIER = com.ejaz.BookSearchDemoUITests;
				PRODUCT_NAME = "$(TARGET_NAME)";
				SWIFT_VERSION = 5.0;
				TARGETED_DEVICE_FAMILY = "1,2";
				TEST_TARGET_NAME = BookSearchDemo;
			};
			name = Debug;
		};
		A9BA81C027DFE63E0032A70B /* Release */ = {
			isa = XCBuildConfiguration;
			baseConfigurationReference = 7F4A729DFE0B285F742A8A4B /* Pods-BookSearchDemo-BookSearchDemoUITests.release.xcconfig */;
			buildSettings = {
				ALWAYS_EMBED_SWIFT_STANDARD_LIBRARIES = YES;
				CODE_SIGN_STYLE = Automatic;
				INFOPLIST_FILE = BookSearchDemoUITests/Info.plist;
				LD_RUNPATH_SEARCH_PATHS = (
					"$(inherited)",
					"@executable_path/Frameworks",
					"@loader_path/Frameworks",
				);
				PRODUCT_BUNDLE_IDENTIFIER = com.ejaz.BookSearchDemoUITests;
				PRODUCT_NAME = "$(TARGET_NAME)";
				SWIFT_VERSION = 5.0;
				TARGETED_DEVICE_FAMILY = "1,2";
				TEST_TARGET_NAME = BookSearchDemo;
			};
			name = Release;
		};
/* End XCBuildConfiguration section */

/* Begin XCConfigurationList section */
		A9BA818927DFE62C0032A70B /* Build configuration list for PBXProject "BookSearchDemo" */ = {
			isa = XCConfigurationList;
			buildConfigurations = (
				A9BA81B627DFE63E0032A70B /* Debug */,
				A9BA81B727DFE63E0032A70B /* Release */,
			);
			defaultConfigurationIsVisible = 0;
			defaultConfigurationName = Release;
		};
		A9BA81B827DFE63E0032A70B /* Build configuration list for PBXNativeTarget "BookSearchDemo" */ = {
			isa = XCConfigurationList;
			buildConfigurations = (
				A9BA81B927DFE63E0032A70B /* Debug */,
				A9BA81BA27DFE63E0032A70B /* Release */,
			);
			defaultConfigurationIsVisible = 0;
			defaultConfigurationName = Release;
		};
		A9BA81BB27DFE63E0032A70B /* Build configuration list for PBXNativeTarget "BookSearchDemoTests" */ = {
			isa = XCConfigurationList;
			buildConfigurations = (
				A9BA81BC27DFE63E0032A70B /* Debug */,
				A9BA81BD27DFE63E0032A70B /* Release */,
			);
			defaultConfigurationIsVisible = 0;
			defaultConfigurationName = Release;
		};
		A9BA81BE27DFE63E0032A70B /* Build configuration list for PBXNativeTarget "BookSearchDemoUITests" */ = {
			isa = XCConfigurationList;
			buildConfigurations = (
				A9BA81BF27DFE63E0032A70B /* Debug */,
				A9BA81C027DFE63E0032A70B /* Release */,
			);
			defaultConfigurationIsVisible = 0;
			defaultConfigurationName = Release;
		};
/* End XCConfigurationList section */
	};
	rootObject = A9BA818627DFE62C0032A70B /* Project object */;
}
