// !$*UTF8*$!
{
	archiveVersion = 1;
	classes = {
	};
	objectVersion = 50;
	objects = {

/* Begin PBXBuildFile section */
		A9BA819227DFE62D0032A70B /* AppDelegate.swift in Sources */ = {isa = PBXBuildFile; fileRef = A9BA819127DFE62D0032A70B /* AppDelegate.swift */; };
		A9BA819427DFE62D0032A70B /* SceneDelegate.swift in Sources */ = {isa = PBXBuildFile; fileRef = A9BA819327DFE62D0032A70B /* SceneDelegate.swift */; };
		A9BA819627DFE62D0032A70B /* ViewController.swift in Sources */ = {isa = PBXBuildFile; fileRef = A9BA819527DFE62D0032A70B /* ViewController.swift */; };
		A9BA819927DFE62D0032A70B /* Main.storyboard in Resources */ = {isa = PBXBuildFile; fileRef = A9BA819727DFE62D0032A70B /* Main.storyboard */; };
		A9BA819B27DFE63D0032A70B /* Assets.xcassets in Resources */ = {isa = PBXBuildFile; fileRef = A9BA819A27DFE63D0032A70B /* Assets.xcassets */; };
		A9BA819E27DFE63D0032A70B /* LaunchScreen.storyboard in Resources */ = {isa = PBXBuildFile; fileRef = A9BA819C27DFE63D0032A70B /* LaunchScreen.storyboard */; };
		A9BA81A927DFE63E0032A70B /* BookSearchDemoTests.swift in Sources */ = {isa = PBXBuildFile; fileRef = A9BA81A827DFE63E0032A70B /* BookSearchDemoTests.swift */; };
		A9BA81B427DFE63E0032A70B /* BookSearchDemoUITests.swift in Sources */ = {isa = PBXBuildFile; fileRef = A9BA81B327DFE63E0032A70B /* BookSearchDemoUITests.swift */; };
/* End PBXBuildFile section */

/* Begin PBXContainerItemProxy section */
		A9BA81A527DFE63E0032A70B /* PBXContainerItemProxy */ = {
			isa = PBXContainerItemProxy;
			containerPortal = A9BA818627DFE62C0032A70B /* Project object */;
			proxyType = 1;
			remoteGlobalIDString = A9BA818D27DFE62D0032A70B;
			remoteInfo = BookSearchDemo;
		};
		A9BA81B027DFE63E0032A70B /* PBXContainerItemProxy */ = {
			isa = PBXContainerItemProxy;
			containerPortal = A9BA818627DFE62C0032A70B /* Project object */;
			proxyType = 1;
			remoteGlobalIDString = A9BA818D27DFE62D0032A70B;
			remoteInfo = BookSearchDemo;
		};
/* End PBXContainerItemProxy section */

/* Begin PBXFileReference section */
		A9BA818E27DFE62D0032A70B /* BookSearchDemo.app */ = {isa = PBXFileReference; explicitFileType = wrapper.application; includeInIndex = 0; path = BookSearchDemo.app; sourceTree = BUILT_PRODUCTS_DIR; };
		A9BA819127DFE62D0032A70B /* AppDelegate.swift */ = {isa = PBXFileReference; lastKnownFileType = sourcecode.swift; path = AppDelegate.swift; sourceTree = "<group>"; };
		A9BA819327DFE62D0032A70B /* SceneDelegate.swift */ = {isa = PBXFileReference; lastKnownFileType = sourcecode.swift; path = SceneDelegate.swift; sourceTree = "<group>"; };
		A9BA819527DFE62D0032A70B /* ViewController.swift */ = {isa = PBXFileReference; lastKnownFileType = sourcecode.swift; path = ViewController.swift; sourceTree = "<group>"; };
		A9BA819827DFE62D0032A70B /* Base */ = {isa = PBXFileReference; lastKnownFileType = file.storyboard; name = Base; path = Base.lproj/Main.storyboard; sourceTree = "<group>"; };
		A9BA819A27DFE63D0032A70B /* Assets.xcassets */ = {isa = PBXFileReference; lastKnownFileType = folder.assetcatalog; path = Assets.xcassets; sourceTree = "<group>"; };
		A9BA819D27DFE63D0032A70B /* Base */ = {isa = PBXFileReference; lastKnownFileType = file.storyboard; name = Base; path = Base.lproj/LaunchScreen.storyboard; sourceTree = "<group>"; };
		A9BA819F27DFE63D0032A70B /* Info.plist */ = {isa = PBXFileReference; lastKnownFileType = text.plist.xml; path = Info.plist; sourceTree = "<group>"; };
		A9BA81A427DFE63E0032A70B /* BookSearchDemoTests.xctest */ = {isa = PBXFileReference; explicitFileType = wrapper.cfbundle; includeInIndex = 0; path = BookSearchDemoTests.xctest; sourceTree = BUILT_PRODUCTS_DIR; };
		A9BA81A827DFE63E0032A70B /* BookSearchDemoTests.swift */ = {isa = PBXFileReference; lastKnownFileType = sourcecode.swift; path = BookSearchDemoTests.swift; sourceTree = "<group>"; };
		A9BA81AA27DFE63E0032A70B /* Info.plist */ = {isa = PBXFileReference; lastKnownFileType = text.plist.xml; path = Info.plist; sourceTree = "<group>"; };
		A9BA81AF27DFE63E0032A70B /* BookSearchDemoUITests.xctest */ = {isa = PBXFileReference; explicitFileType = wrapper.cfbundle; includeInIndex = 0; path = BookSearchDemoUITests.xctest; sourceTree = BUILT_PRODUCTS_DIR; };
		A9BA81B327DFE63E0032A70B /* BookSearchDemoUITests.swift */ = {isa = PBXFileReference; lastKnownFileType = sourcecode.swift; path = BookSearchDemoUITests.swift; sourceTree = "<group>"; };
		A9BA81B527DFE63E0032A70B /* Info.plist */ = {isa = PBXFileReference; lastKnownFileType = text.plist.xml; path = Info.plist; sourceTree = "<group>"; };
/* End PBXFileReference section */

/* Begin PBXFrameworksBuildPhase section */
		A9BA818B27DFE62D0032A70B /* Frameworks */ = {
			isa = PBXFrameworksBuildPhase;
			buildActionMask = 2147483647;
			files = (
			);
			runOnlyForDeploymentPostprocessing = 0;
		};
		A9BA81A127DFE63E0032A70B /* Frameworks */ = {
			isa = PBXFrameworksBuildPhase;
			buildActionMask = 2147483647;
			files = (
			);
			runOnlyForDeploymentPostprocessing = 0;
		};
		A9BA81AC27DFE63E0032A70B /* Frameworks */ = {
			isa = PBXFrameworksBuildPhase;
			buildActionMask = 2147483647;
			files = (
			);
			runOnlyForDeploymentPostprocessing = 0;
		};
/* End PBXFrameworksBuildPhase section */

/* Begin PBXGroup section */
		A9BA818527DFE62C0032A70B = {
			isa = PBXGroup;
			children = (
				A9BA819027DFE62D0032A70B /* BookSearchDemo */,
				A9BA81A727DFE63E0032A70B /* BookSearchDemoTests */,
				A9BA81B227DFE63E0032A70B /* BookSearchDemoUITests */,
				A9BA818F27DFE62D0032A70B /* Products */,
			);
			sourceTree = "<group>";
		};
		A9BA818F27DFE62D0032A70B /* Products */ = {
			isa = PBXGroup;
			children = (
				A9BA818E27DFE62D0032A70B /* BookSearchDemo.app */,
				A9BA81A427DFE63E0032A70B /* BookSearchDemoTests.xctest */,
				A9BA81AF27DFE63E0032A70B /* BookSearchDemoUITests.xctest */,
			);
			name = Products;
			sourceTree = "<group>";
		};
		A9BA819027DFE62D0032A70B /* BookSearchDemo */ = {
			isa = PBXGroup;
			children = (
				A9BA819127DFE62D0032A70B /* AppDelegate.swift */,
				A9BA819327DFE62D0032A70B /* SceneDelegate.swift */,
				A9BA819527DFE62D0032A70B /* ViewController.swift */,
				A9BA819727DFE62D0032A70B /* Main.storyboard */,
				A9BA819A27DFE63D0032A70B /* Assets.xcassets */,
				A9BA819C27DFE63D0032A70B /* LaunchScreen.storyboard */,
				A9BA819F27DFE63D0032A70B /* Info.plist */,
			);
			path = BookSearchDemo;
			sourceTree = "<group>";
		};
		A9BA81A727DFE63E0032A70B /* BookSearchDemoTests */ = {
			isa = PBXGroup;
			children = (
				A9BA81A827DFE63E0032A70B /* BookSearchDemoTests.swift */,
				A9BA81AA27DFE63E0032A70B /* Info.plist */,
			);
			path = BookSearchDemoTests;
			sourceTree = "<group>";
		};
		A9BA81B227DFE63E0032A70B /* BookSearchDemoUITests */ = {
			isa = PBXGroup;
			children = (
				A9BA81B327DFE63E0032A70B /* BookSearchDemoUITests.swift */,
				A9BA81B527DFE63E0032A70B /* Info.plist */,
			);
			path = BookSearchDemoUITests;
			sourceTree = "<group>";
		};
/* End PBXGroup section */

/* Begin PBXNativeTarget section */
		A9BA818D27DFE62D0032A70B /* BookSearchDemo */ = {
			isa = PBXNativeTarget;
			buildConfigurationList = A9BA81B827DFE63E0032A70B /* Build configuration list for PBXNativeTarget "BookSearchDemo" */;
			buildPhases = (
				A9BA818A27DFE62D0032A70B /* Sources */,
				A9BA818B27DFE62D0032A70B /* Frameworks */,
				A9BA818C27DFE62D0032A70B /* Resources */,
			);
			buildRules = (
			);
			dependencies = (
			);
			name = BookSearchDemo;
			productName = BookSearchDemo;
			productReference = A9BA818E27DFE62D0032A70B /* BookSearchDemo.app */;
			productType = "com.apple.product-type.application";
		};
		A9BA81A327DFE63E0032A70B /* BookSearchDemoTests */ = {
			isa = PBXNativeTarget;
			buildConfigurationList = A9BA81BB27DFE63E0032A70B /* Build configuration list for PBXNativeTarget "BookSearchDemoTests" */;
			buildPhases = (
				A9BA81A027DFE63E0032A70B /* Sources */,
				A9BA81A127DFE63E0032A70B /* Frameworks */,
				A9BA81A227DFE63E0032A70B /* Resources */,
			);
			buildRules = (
			);
			dependencies = (
				A9BA81A627DFE63E0032A70B /* PBXTargetDependency */,
			);
			name = BookSearchDemoTests;
			productName = BookSearchDemoTests;
			productReference = A9BA81A427DFE63E0032A70B /* BookSearchDemoTests.xctest */;
			productType = "com.apple.product-type.bundle.unit-test";
		};
		A9BA81AE27DFE63E0032A70B /* BookSearchDemoUITests */ = {
			isa = PBXNativeTarget;
			buildConfigurationList = A9BA81BE27DFE63E0032A70B /* Build configuration list for PBXNativeTarget "BookSearchDemoUITests" */;
			buildPhases = (
				A9BA81AB27DFE63E0032A70B /* Sources */,
				A9BA81AC27DFE63E0032A70B /* Frameworks */,
				A9BA81AD27DFE63E0032A70B /* Resources */,
			);
			buildRules = (
			);
			dependencies = (
				A9BA81B127DFE63E0032A70B /* PBXTargetDependency */,
			);
			name = BookSearchDemoUITests;
			productName = BookSearchDemoUITests;
			productReference = A9BA81AF27DFE63E0032A70B /* BookSearchDemoUITests.xctest */;
			productType = "com.apple.product-type.bundle.ui-testing";
		};
/* End PBXNativeTarget section */

/* Begin PBXProject section */
		A9BA818627DFE62C0032A70B /* Project object */ = {
			isa = PBXProject;
			attributes = {
				LastSwiftUpdateCheck = 1250;
				LastUpgradeCheck = 1250;
				TargetAttributes = {
					A9BA818D27DFE62D0032A70B = {
						CreatedOnToolsVersion = 12.5;
					};
					A9BA81A327DFE63E0032A70B = {
						CreatedOnToolsVersion = 12.5;
						TestTargetID = A9BA818D27DFE62D0032A70B;
					};
					A9BA81AE27DFE63E0032A70B = {
						CreatedOnToolsVersion = 12.5;
						TestTargetID = A9BA818D27DFE62D0032A70B;
					};
				};
			};
			buildConfigurationList = A9BA818927DFE62C0032A70B /* Build configuration list for PBXProject "BookSearchDemo" */;
			compatibilityVersion = "Xcode 9.3";
			developmentRegion = en;
			hasScannedForEncodings = 0;
			knownRegions = (
				en,
				Base,
			);
			mainGroup = A9BA818527DFE62C0032A70B;
			productRefGroup = A9BA818F27DFE62D0032A70B /* Products */;
			projectDirPath = "";
			projectRoot = "";
			targets = (
				A9BA818D27DFE62D0032A70B /* BookSearchDemo */,
				A9BA81A327DFE63E0032A70B /* BookSearchDemoTests */,
				A9BA81AE27DFE63E0032A70B /* BookSearchDemoUITests */,
			);
		};
/* End PBXProject section */

/* Begin PBXResourcesBuildPhase section */
		A9BA818C27DFE62D0032A70B /* Resources */ = {
			isa = PBXResourcesBuildPhase;
			buildActionMask = 2147483647;
			files = (
				A9BA819E27DFE63D0032A70B /* LaunchScreen.storyboard in Resources */,
				A9BA819B27DFE63D0032A70B /* Assets.xcassets in Resources */,
				A9BA819927DFE62D0032A70B /* Main.storyboard in Resources */,
			);
			runOnlyForDeploymentPostprocessing = 0;
		};
		A9BA81A227DFE63E0032A70B /* Resources */ = {
			isa = PBXResourcesBuildPhase;
			buildActionMask = 2147483647;
			files = (
			);
			runOnlyForDeploymentPostprocessing = 0;
		};
		A9BA81AD27DFE63E0032A70B /* Resources */ = {
			isa = PBXResourcesBuildPhase;
			buildActionMask = 2147483647;
			files = (
			);
			runOnlyForDeploymentPostprocessing = 0;
		};
/* End PBXResourcesBuildPhase section */

/* Begin PBXSourcesBuildPhase section */
		A9BA818A27DFE62D0032A70B /* Sources */ = {
			isa = PBXSourcesBuildPhase;
			buildActionMask = 2147483647;
			files = (
				A9BA819627DFE62D0032A70B /* ViewController.swift in Sources */,
				A9BA819227DFE62D0032A70B /* AppDelegate.swift in Sources */,
				A9BA819427DFE62D0032A70B /* SceneDelegate.swift in Sources */,
			);
			runOnlyForDeploymentPostprocessing = 0;
		};
		A9BA81A027DFE63E0032A70B /* Sources */ = {
			isa = PBXSourcesBuildPhase;
			buildActionMask = 2147483647;
			files = (
				A9BA81A927DFE63E0032A70B /* BookSearchDemoTests.swift in Sources */,
			);
			runOnlyForDeploymentPostprocessing = 0;
		};
		A9BA81AB27DFE63E0032A70B /* Sources */ = {
			isa = PBXSourcesBuildPhase;
			buildActionMask = 2147483647;
			files = (
				A9BA81B427DFE63E0032A70B /* BookSearchDemoUITests.swift in Sources */,
			);
			runOnlyForDeploymentPostprocessing = 0;
		};
/* End PBXSourcesBuildPhase section */

/* Begin PBXTargetDependency section */
		A9BA81A627DFE63E0032A70B /* PBXTargetDependency */ = {
			isa = PBXTargetDependency;
			target = A9BA818D27DFE62D0032A70B /* BookSearchDemo */;
			targetProxy = A9BA81A527DFE63E0032A70B /* PBXContainerItemProxy */;
		};
		A9BA81B127DFE63E0032A70B /* PBXTargetDependency */ = {
			isa = PBXTargetDependency;
			target = A9BA818D27DFE62D0032A70B /* BookSearchDemo */;
			targetProxy = A9BA81B027DFE63E0032A70B /* PBXContainerItemProxy */;
		};
/* End PBXTargetDependency section */

/* Begin PBXVariantGroup section */
		A9BA819727DFE62D0032A70B /* Main.storyboard */ = {
			isa = PBXVariantGroup;
			children = (
				A9BA819827DFE62D0032A70B /* Base */,
			);
			name = Main.storyboard;
			sourceTree = "<group>";
		};
		A9BA819C27DFE63D0032A70B /* LaunchScreen.storyboard */ = {
			isa = PBXVariantGroup;
			children = (
				A9BA819D27DFE63D0032A70B /* Base */,
			);
			name = LaunchScreen.storyboard;
			sourceTree = "<group>";
		};
/* End PBXVariantGroup section */

/* Begin XCBuildConfiguration section */
		A9BA81B627DFE63E0032A70B /* Debug */ = {
			isa = XCBuildConfiguration;
			buildSettings = {
				ALWAYS_SEARCH_USER_PATHS = NO;
				CLANG_ANALYZER_NONNULL = YES;
				CLANG_ANALYZER_NUMBER_OBJECT_CONVERSION = YES_AGGRESSIVE;
				CLANG_CXX_LANGUAGE_STANDARD = "gnu++14";
				CLANG_CXX_LIBRARY = "libc++";
				CLANG_ENABLE_MODULES = YES;
				CLANG_ENABLE_OBJC_ARC = YES;
				CLANG_ENABLE_OBJC_WEAK = YES;
				CLANG_WARN_BLOCK_CAPTURE_AUTORELEASING = YES;
				CLANG_WARN_BOOL_CONVERSION = YES;
				CLANG_WARN_COMMA = YES;
				CLANG_WARN_CONSTANT_CONVERSION = YES;
				CLANG_WARN_DEPRECATED_OBJC_IMPLEMENTATIONS = YES;
				CLANG_WARN_DIRECT_OBJC_ISA_USAGE = YES_ERROR;
				CLANG_WARN_DOCUMENTATION_COMMENTS = YES;
				CLANG_WARN_EMPTY_BODY = YES;
				CLANG_WARN_ENUM_CONVERSION = YES;
				CLANG_WARN_INFINITE_RECURSION = YES;
				CLANG_WARN_INT_CONVERSION = YES;
				CLANG_WARN_NON_LITERAL_NULL_CONVERSION = YES;
				CLANG_WARN_OBJC_IMPLICIT_RETAIN_SELF = YES;
				CLANG_WARN_OBJC_LITERAL_CONVERSION = YES;
				CLANG_WARN_OBJC_ROOT_CLASS = YES_ERROR;
				CLANG_WARN_QUOTED_INCLUDE_IN_FRAMEWORK_HEADER = YES;
				CLANG_WARN_RANGE_LOOP_ANALYSIS = YES;
				CLANG_WARN_STRICT_PROTOTYPES = YES;
				CLANG_WARN_SUSPICIOUS_MOVE = YES;
				CLANG_WARN_UNGUARDED_AVAILABILITY = YES_AGGRESSIVE;
				CLANG_WARN_UNREACHABLE_CODE = YES;
				CLANG_WARN__DUPLICATE_METHOD_MATCH = YES;
				COPY_PHASE_STRIP = NO;
				DEBUG_INFORMATION_FORMAT = dwarf;
				ENABLE_STRICT_OBJC_MSGSEND = YES;
				ENABLE_TESTABILITY = YES;
				GCC_C_LANGUAGE_STANDARD = gnu11;
				GCC_DYNAMIC_NO_PIC = NO;
				GCC_NO_COMMON_BLOCKS = YES;
				GCC_OPTIMIZATION_LEVEL = 0;
				GCC_PREPROCESSOR_DEFINITIONS = (
					"DEBUG=1",
					"$(inherited)",
				);
				GCC_WARN_64_TO_32_BIT_CONVERSION = YES;
				GCC_WARN_ABOUT_RETURN_TYPE = YES_ERROR;
				GCC_WARN_UNDECLARED_SELECTOR = YES;
				GCC_WARN_UNINITIALIZED_AUTOS = YES_AGGRESSIVE;
				GCC_WARN_UNUSED_FUNCTION = YES;
				GCC_WARN_UNUSED_VARIABLE = YES;
				IPHONEOS_DEPLOYMENT_TARGET = 14.5;
				MTL_ENABLE_DEBUG_INFO = INCLUDE_SOURCE;
				MTL_FAST_MATH = YES;
				ONLY_ACTIVE_ARCH = YES;
				SDKROOT = iphoneos;
				SWIFT_ACTIVE_COMPILATION_CONDITIONS = DEBUG;
				SWIFT_OPTIMIZATION_LEVEL = "-Onone";
			};
			name = Debug;
		};
		A9BA81B727DFE63E0032A70B /* Release */ = {
			isa = XCBuildConfiguration;
			buildSettings = {
				ALWAYS_SEARCH_USER_PATHS = NO;
				CLANG_ANALYZER_NONNULL = YES;
				CLANG_ANALYZER_NUMBER_OBJECT_CONVERSION = YES_AGGRESSIVE;
				CLANG_CXX_LANGUAGE_STANDARD = "gnu++14";
				CLANG_CXX_LIBRARY = "libc++";
				CLANG_ENABLE_MODULES = YES;
				CLANG_ENABLE_OBJC_ARC = YES;
				CLANG_ENABLE_OBJC_WEAK = YES;
				CLANG_WARN_BLOCK_CAPTURE_AUTORELEASING = YES;
				CLANG_WARN_BOOL_CONVERSION = YES;
				CLANG_WARN_COMMA = YES;
				CLANG_WARN_CONSTANT_CONVERSION = YES;
				CLANG_WARN_DEPRECATED_OBJC_IMPLEMENTATIONS = YES;
				CLANG_WARN_DIRECT_OBJC_ISA_USAGE = YES_ERROR;
				CLANG_WARN_DOCUMENTATION_COMMENTS = YES;
				CLANG_WARN_EMPTY_BODY = YES;
				CLANG_WARN_ENUM_CONVERSION = YES;
				CLANG_WARN_INFINITE_RECURSION = YES;
				CLANG_WARN_INT_CONVERSION = YES;
				CLANG_WARN_NON_LITERAL_NULL_CONVERSION = YES;
				CLANG_WARN_OBJC_IMPLICIT_RETAIN_SELF = YES;
				CLANG_WARN_OBJC_LITERAL_CONVERSION = YES;
				CLANG_WARN_OBJC_ROOT_CLASS = YES_ERROR;
				CLANG_WARN_QUOTED_INCLUDE_IN_FRAMEWORK_HEADER = YES;
				CLANG_WARN_RANGE_LOOP_ANALYSIS = YES;
				CLANG_WARN_STRICT_PROTOTYPES = YES;
				CLANG_WARN_SUSPICIOUS_MOVE = YES;
				CLANG_WARN_UNGUARDED_AVAILABILITY = YES_AGGRESSIVE;
				CLANG_WARN_UNREACHABLE_CODE = YES;
				CLANG_WARN__DUPLICATE_METHOD_MATCH = YES;
				COPY_PHASE_STRIP = NO;
				DEBUG_INFORMATION_FORMAT = "dwarf-with-dsym";
				ENABLE_NS_ASSERTIONS = NO;
				ENABLE_STRICT_OBJC_MSGSEND = YES;
				GCC_C_LANGUAGE_STANDARD = gnu11;
				GCC_NO_COMMON_BLOCKS = YES;
				GCC_WARN_64_TO_32_BIT_CONVERSION = YES;
				GCC_WARN_ABOUT_RETURN_TYPE = YES_ERROR;
				GCC_WARN_UNDECLARED_SELECTOR = YES;
				GCC_WARN_UNINITIALIZED_AUTOS = YES_AGGRESSIVE;
				GCC_WARN_UNUSED_FUNCTION = YES;
				GCC_WARN_UNUSED_VARIABLE = YES;
				IPHONEOS_DEPLOYMENT_TARGET = 14.5;
				MTL_ENABLE_DEBUG_INFO = NO;
				MTL_FAST_MATH = YES;
				SDKROOT = iphoneos;
				SWIFT_COMPILATION_MODE = wholemodule;
				SWIFT_OPTIMIZATION_LEVEL = "-O";
				VALIDATE_PRODUCT = YES;
			};
			name = Release;
		};
		A9BA81B927DFE63E0032A70B /* Debug */ = {
			isa = XCBuildConfiguration;
			buildSettings = {
				ASSETCATALOG_COMPILER_APPICON_NAME = AppIcon;
				ASSETCATALOG_COMPILER_GLOBAL_ACCENT_COLOR_NAME = AccentColor;
				CODE_SIGN_STYLE = Automatic;
				INFOPLIST_FILE = BookSearchDemo/Info.plist;
				LD_RUNPATH_SEARCH_PATHS = (
					"$(inherited)",
					"@executable_path/Frameworks",
				);
				PRODUCT_BUNDLE_IDENTIFIER = com.ejaz.BookSearchDemo;
				PRODUCT_NAME = "$(TARGET_NAME)";
				SWIFT_VERSION = 5.0;
				TARGETED_DEVICE_FAMILY = "1,2";
			};
			name = Debug;
		};
		A9BA81BA27DFE63E0032A70B /* Release */ = {
			isa = XCBuildConfiguration;
			buildSettings = {
				ASSETCATALOG_COMPILER_APPICON_NAME = AppIcon;
				ASSETCATALOG_COMPILER_GLOBAL_ACCENT_COLOR_NAME = AccentColor;
				CODE_SIGN_STYLE = Automatic;
				INFOPLIST_FILE = BookSearchDemo/Info.plist;
				LD_RUNPATH_SEARCH_PATHS = (
					"$(inherited)",
					"@executable_path/Frameworks",
				);
				PRODUCT_BUNDLE_IDENTIFIER = com.ejaz.BookSearchDemo;
				PRODUCT_NAME = "$(TARGET_NAME)";
				SWIFT_VERSION = 5.0;
				TARGETED_DEVICE_FAMILY = "1,2";
			};
			name = Release;
		};
		A9BA81BC27DFE63E0032A70B /* Debug */ = {
			isa = XCBuildConfiguration;
			buildSettings = {
				ALWAYS_EMBED_SWIFT_STANDARD_LIBRARIES = YES;
				BUNDLE_LOADER = "$(TEST_HOST)";
				CODE_SIGN_STYLE = Automatic;
				INFOPLIST_FILE = BookSearchDemoTests/Info.plist;
				IPHONEOS_DEPLOYMENT_TARGET = 14.5;
				LD_RUNPATH_SEARCH_PATHS = (
					"$(inherited)",
					"@executable_path/Frameworks",
					"@loader_path/Frameworks",
				);
				PRODUCT_BUNDLE_IDENTIFIER = com.ejaz.BookSearchDemoTests;
				PRODUCT_NAME = "$(TARGET_NAME)";
				SWIFT_VERSION = 5.0;
				TARGETED_DEVICE_FAMILY = "1,2";
				TEST_HOST = "$(BUILT_PRODUCTS_DIR)/BookSearchDemo.app/BookSearchDemo";
			};
			name = Debug;
		};
		A9BA81BD27DFE63E0032A70B /* Release */ = {
			isa = XCBuildConfiguration;
			buildSettings = {
				ALWAYS_EMBED_SWIFT_STANDARD_LIBRARIES = YES;
				BUNDLE_LOADER = "$(TEST_HOST)";
				CODE_SIGN_STYLE = Automatic;
				INFOPLIST_FILE = BookSearchDemoTests/Info.plist;
				IPHONEOS_DEPLOYMENT_TARGET = 14.5;
				LD_RUNPATH_SEARCH_PATHS = (
					"$(inherited)",
					"@executable_path/Frameworks",
					"@loader_path/Frameworks",
				);
				PRODUCT_BUNDLE_IDENTIFIER = com.ejaz.BookSearchDemoTests;
				PRODUCT_NAME = "$(TARGET_NAME)";
				SWIFT_VERSION = 5.0;
				TARGETED_DEVICE_FAMILY = "1,2";
				TEST_HOST = "$(BUILT_PRODUCTS_DIR)/BookSearchDemo.app/BookSearchDemo";
			};
			name = Release;
		};
		A9BA81BF27DFE63E0032A70B /* Debug */ = {
			isa = XCBuildConfiguration;
			buildSettings = {
				ALWAYS_EMBED_SWIFT_STANDARD_LIBRARIES = YES;
				CODE_SIGN_STYLE = Automatic;
				INFOPLIST_FILE = BookSearchDemoUITests/Info.plist;
				LD_RUNPATH_SEARCH_PATHS = (
					"$(inherited)",
					"@executable_path/Frameworks",
					"@loader_path/Frameworks",
				);
				PRODUCT_BUNDLE_IDENTIFIER = com.ejaz.BookSearchDemoUITests;
				PRODUCT_NAME = "$(TARGET_NAME)";
				SWIFT_VERSION = 5.0;
				TARGETED_DEVICE_FAMILY = "1,2";
				TEST_TARGET_NAME = BookSearchDemo;
			};
			name = Debug;
		};
		A9BA81C027DFE63E0032A70B /* Release */ = {
			isa = XCBuildConfiguration;
			buildSettings = {
				ALWAYS_EMBED_SWIFT_STANDARD_LIBRARIES = YES;
				CODE_SIGN_STYLE = Automatic;
				INFOPLIST_FILE = BookSearchDemoUITests/Info.plist;
				LD_RUNPATH_SEARCH_PATHS = (
					"$(inherited)",
					"@executable_path/Frameworks",
					"@loader_path/Frameworks",
				);
				PRODUCT_BUNDLE_IDENTIFIER = com.ejaz.BookSearchDemoUITests;
				PRODUCT_NAME = "$(TARGET_NAME)";
				SWIFT_VERSION = 5.0;
				TARGETED_DEVICE_FAMILY = "1,2";
				TEST_TARGET_NAME = BookSearchDemo;
			};
			name = Release;
		};
/* End XCBuildConfiguration section */

/* Begin XCConfigurationList section */
		A9BA818927DFE62C0032A70B /* Build configuration list for PBXProject "BookSearchDemo" */ = {
			isa = XCConfigurationList;
			buildConfigurations = (
				A9BA81B627DFE63E0032A70B /* Debug */,
				A9BA81B727DFE63E0032A70B /* Release */,
			);
			defaultConfigurationIsVisible = 0;
			defaultConfigurationName = Release;
		};
		A9BA81B827DFE63E0032A70B /* Build configuration list for PBXNativeTarget "BookSearchDemo" */ = {
			isa = XCConfigurationList;
			buildConfigurations = (
				A9BA81B927DFE63E0032A70B /* Debug */,
				A9BA81BA27DFE63E0032A70B /* Release */,
			);
			defaultConfigurationIsVisible = 0;
			defaultConfigurationName = Release;
		};
		A9BA81BB27DFE63E0032A70B /* Build configuration list for PBXNativeTarget "BookSearchDemoTests" */ = {
			isa = XCConfigurationList;
			buildConfigurations = (
				A9BA81BC27DFE63E0032A70B /* Debug */,
				A9BA81BD27DFE63E0032A70B /* Release */,
			);
			defaultConfigurationIsVisible = 0;
			defaultConfigurationName = Release;
		};
		A9BA81BE27DFE63E0032A70B /* Build configuration list for PBXNativeTarget "BookSearchDemoUITests" */ = {
			isa = XCConfigurationList;
			buildConfigurations = (
				A9BA81BF27DFE63E0032A70B /* Debug */,
				A9BA81C027DFE63E0032A70B /* Release */,
			);
			defaultConfigurationIsVisible = 0;
			defaultConfigurationName = Release;
		};
/* End XCConfigurationList section */
	};
	rootObject = A9BA818627DFE62C0032A70B /* Project object */;
}
